
Microsoft Visual Studio Solution File, Format Version 12.00
# Visual Studio 14
VisualStudioVersion = 14.0.25420.1
MinimumVisualStudioVersion = 10.0.40219.1
Project("{FAE04EC0-301F-11D3-BF4B-00C04F79EFBC}") = "GloballendingViews", "GloballendingViews\GloballendingViews.csproj", "{F91E9EE0-3309-4635-A50E-AA0C5928482B}"
EndProject
Project("{FAE04EC0-301F-11D3-BF4B-00C04F79EFBC}") = "DataAccess", "DataAccess\DataAccess.csproj", "{B1AC5629-996A-44B2-BDFA-587347712B01}"
EndProject
Global
	GlobalSection(SolutionConfigurationPlatforms) = preSolution
		Debug|Any CPU = Debug|Any CPU
		Release|Any CPU = Release|Any CPU
	EndGlobalSection
	GlobalSection(ProjectConfigurationPlatforms) = postSolution
		{F91E9EE0-3309-4635-A50E-AA0C5928482B}.Debug|Any CPU.ActiveCfg = Debug|Any CPU
		{F91E9EE0-3309-4635-A50E-AA0C5928482B}.Debug|Any CPU.Build.0 = Debug|Any CPU
		{F91E9EE0-3309-4635-A50E-AA0C5928482B}.Release|Any CPU.ActiveCfg = Release|Any CPU
		{F91E9EE0-3309-4635-A50E-AA0C5928482B}.Release|Any CPU.Build.0 = Release|Any CPU
		{B1AC5629-996A-44B2-BDFA-587347712B01}.Debug|Any CPU.ActiveCfg = Debug|Any CPU
		{B1AC5629-996A-44B2-BDFA-587347712B01}.Debug|Any CPU.Build.0 = Debug|Any CPU
		{B1AC5629-996A-44B2-BDFA-587347712B01}.Release|Any CPU.ActiveCfg = Release|Any CPU
		{B1AC5629-996A-44B2-BDFA-587347712B01}.Release|Any CPU.Build.0 = Release|Any CPU
	EndGlobalSection
	GlobalSection(SolutionProperties) = preSolution
		HideSolutionNode = FALSE
	EndGlobalSection
EndGlobal
